<?xml version="1.0" encoding="utf-8"?>
<Project ToolsVersion="4.0" xmlns="http://schemas.microsoft.com/developer/msbuild/2003">
  <ItemGroup>
    <Filter Include="Source Files">
      <UniqueIdentifier>{4FC737F1-C7A5-4376-A066-2A32D752A2FF}</UniqueIdentifier>
      <Extensions>qml;cpp;c;cc;cxx;def;odl;idl;hpj;bat;asm;asmx</Extensions>
    </Filter>
    <Filter Include="Header Files">
      <UniqueIdentifier>{93995380-89BD-4b04-88EB-625FBE52EBFB}</UniqueIdentifier>
      <Extensions>h;hh;hpp;hxx;hm;inl;inc;xsd</Extensions>
    </Filter>
    <Filter Include="Resource Files">
      <UniqueIdentifier>{67DA6AB6-F800-4c08-8B7A-83BB121AAD01}</UniqueIdentifier>
      <Extensions>qrc;rc;ico;cur;bmp;dlg;rc2;rct;bin;rgs;gif;jpg;jpeg;jpe;resx;tiff;tif;png;wav;mfcribbon-ms</Extensions>
    </Filter>
    <Filter Include="Form Files">
      <UniqueIdentifier>{99349809-55BA-4b9d-BF79-8FDBB0286EB3}</UniqueIdentifier>
      <Extensions>ui</Extensions>
    </Filter>
    <Filter Include="Translation Files">
      <UniqueIdentifier>{639EADAA-A684-42e4-A9AD-28FC9BCB8F7C}</UniqueIdentifier>
      <Extensions>ts</Extensions>
    </Filter>
  </ItemGroup>
  <ItemGroup>
    <ClCompile Include="Core\main.cpp">
      <Filter>Source Files</Filter>
    </ClCompile>
    <ClCompile Include="Core\PetAttribute.cpp">
      <Filter>Source Files</Filter>
    </ClCompile>
    <ClCompile Include="Core\PetFSM.cpp">
      <Filter>Source Files</Filter>
    </ClCompile>
    <ClCompile Include="Core\PetState.cpp">
      <Filter>Source Files</Filter>
    </ClCompile>
    <ClCompile Include="Config\PetConfig.cpp">
      <Filter>Source Files</Filter>
    </ClCompile>
    <ClCompile Include="Widget\PetWidget.cpp">
      <Filter>Source Files</Filter>
    </ClCompile>
    <ClCompile Include="Widget\PetMenuWidget.cpp">
      <Filter>Source Files</Filter>
    </ClCompile>
    <ClCompile Include="Widget\ChatWidget.cpp">
      <Filter>Source Files</Filter>
    </ClCompile>
    <ClCompile Include="Widget\AttributePanelWidget.cpp">
      <Filter>Source Files</Filter>
    </ClCompile>
    <ClCompile Include="Widget\FoodSelectWidget.cpp">
      <Filter>Source Files</Filter>
    </ClCompile>
    <ClCompile Include="State\PetStateIdle.cpp">
      <Filter>Source Files</Filter>
    </ClCompile>
    <ClCompile Include="State\PetStateAbnormalIdle.cpp">
      <Filter>Source Files</Filter>
    </ClCompile>
    <ClCompile Include="State\PetStateEat.cpp">
      <Filter>Source Files</Filter>
    </ClCompile>
    <ClCompile Include="State\PetStateSleep.cpp">
      <Filter>Source Files</Filter>
    </ClCompile>
    <ClCompile Include="State\PetStatePlay.cpp">
      <Filter>Source Files</Filter>
    </ClCompile>
    <ClCompile Include="State\PetStateStudy.cpp">
      <Filter>Source Files</Filter>
    </ClCompile>
    <ClCompile Include="State\PetStateWork.cpp">
      <Filter>Source Files</Filter>
    </ClCompile>
    <ClCompile Include="State\PetStateChat.cpp">
      <Filter>Source Files</Filter>
    </ClCompile>
  </ItemGroup>
  <ItemGroup>
    <QtMoc Include="Core\PetAttribute.h">
      <Filter>Header Files</Filter>
    </QtMoc>
    <QtMoc Include="Core\PetFSM.h">
      <Filter>Header Files</Filter>
    </QtMoc>
    <QtMoc Include="Core\PetState.h">
      <Filter>Header Files</Filter>
    </QtMoc>
    <QtMoc Include="Config\PetConfig.h">
      <Filter>Header Files</Filter>
    </QtMoc>
    <QtMoc Include="Widget\PetWidget.h">
      <Filter>Header Files</Filter>
    </QtMoc>
    <QtMoc Include="Widget\PetMenuWidget.h">
      <Filter>Header Files</Filter>
    </QtMoc>
    <QtMoc Include="Widget\ChatWidget.h">
      <Filter>Header Files</Filter>
    </QtMoc>
    <QtMoc Include="Widget\AttributePanelWidget.h">
      <Filter>Header Files</Filter>
    </QtMoc>
    <QtMoc Include="Widget\FoodSelectWidget.h">
      <Filter>Header Files</Filter>
    </QtMoc>
    <QtMoc Include="State\PetStateIdle.h">
      <Filter>Header Files</Filter>
    </QtMoc>
    <QtMoc Include="State\PetStateAbnormalIdle.h">
      <Filter>Header Files</Filter>
    </QtMoc>
    <QtMoc Include="State\PetStateEat.h">
      <Filter>Header Files</Filter>
    </QtMoc>
    <QtMoc Include="State\PetStateSleep.h">
      <Filter>Header Files</Filter>
    </QtMoc>
    <QtMoc Include="State\PetStatePlay.h">
      <Filter>Header Files</Filter>
    </QtMoc>
    <QtMoc Include="State\PetStateStudy.h">
      <Filter>Header Files</Filter>
    </QtMoc>
    <QtMoc Include="State\PetStateWork.h">
      <Filter>Header Files</Filter>
    </QtMoc>
    <QtMoc Include="State\PetStateChat.h">
      <Filter>Header Files</Filter>
    </QtMoc>
  </ItemGroup>
  <ItemGroup>
    <None Include="..\resources\config\pet_config.json">
      <Filter>Resource Files</Filter>
    </None>
    <None Include="..\resources\save\save_data.json">
      <Filter>Resource Files</Filter>
    </None>
  </ItemGroup>
</Project>